// !$*UTF8*$!
{
	archiveVersion = 1;
	classes = {
	};
	objectVersion = 46;
	objects = {

/* Begin PBXBuildFile section */
		D20826691F39E6A20059F48C /* main.m in Sources */ = {isa = PBXBuildFile; fileRef = D20826681F39E6A20059F48C /* main.m */; };
		D208266C1F39E6A20059F48C /* AppDelegate.m in Sources */ = {isa = PBXBuildFile; fileRef = D208266B1F39E6A20059F48C /* AppDelegate.m */; };
		D208266F1F39E6A20059F48C /* ViewController.m in Sources */ = {isa = PBXBuildFile; fileRef = D208266E1F39E6A20059F48C /* ViewController.m */; };
		D20826721F39E6A20059F48C /* Main.storyboard in Resources */ = {isa = PBXBuildFile; fileRef = D20826701F39E6A20059F48C /* Main.storyboard */; };
		D20826741F39E6A20059F48C /* Assets.xcassets in Resources */ = {isa = PBXBuildFile; fileRef = D20826731F39E6A20059F48C /* Assets.xcassets */; };
		D20826771F39E6A20059F48C /* LaunchScreen.storyboard in Resources */ = {isa = PBXBuildFile; fileRef = D20826751F39E6A20059F48C /* LaunchScreen.storyboard */; };
		D20826801F39E6BE0059F48C /* Model.swift in Sources */ = {isa = PBXBuildFile; fileRef = D208267F1F39E6BE0059F48C /* Model.swift */; };
		D281E0BE1F39F4D50020B4DA /* SwiftViewController.swift in Sources */ = {isa = PBXBuildFile; fileRef = D281E0BD1F39F4D50020B4DA /* SwiftViewController.swift */; };
/* End PBXBuildFile section */

/* Begin PBXFileReference section */
		D20826641F39E6A20059F48C /* Interoperability.app */ = {isa = PBXFileReference; explicitFileType = wrapper.application; includeInIndex = 0; path = Interoperability.app; sourceTree = BUILT_PRODUCTS_DIR; };
		D20826681F39E6A20059F48C /* main.m */ = {isa = PBXFileReference; lastKnownFileType = sourcecode.c.objc; path = main.m; sourceTree = "<group>"; };
		D208266A1F39E6A20059F48C /* AppDelegate.h */ = {isa = PBXFileReference; lastKnownFileType = sourcecode.c.h; path = AppDelegate.h; sourceTree = "<group>"; };
		D208266B1F39E6A20059F48C /* AppDelegate.m */ = {isa = PBXFileReference; lastKnownFileType = sourcecode.c.objc; path = AppDelegate.m; sourceTree = "<group>"; };
		D208266D1F39E6A20059F48C /* ViewController.h */ = {isa = PBXFileReference; lastKnownFileType = sourcecode.c.h; path = ViewController.h; sourceTree = "<group>"; };
		D208266E1F39E6A20059F48C /* ViewController.m */ = {isa = PBXFileReference; lastKnownFileType = sourcecode.c.objc; path = ViewController.m; sourceTree = "<group>"; };
		D20826711F39E6A20059F48C /* Base */ = {isa = PBXFileReference; lastKnownFileType = file.storyboard; name = Base; path = Base.lproj/Main.storyboard; sourceTree = "<group>"; };
		D20826731F39E6A20059F48C /* Assets.xcassets */ = {isa = PBXFileReference; lastKnownFileType = folder.assetcatalog; path = Assets.xcassets; sourceTree = "<group>"; };
		D20826761F39E6A20059F48C /* Base */ = {isa = PBXFileReference; lastKnownFileType = file.storyboard; name = Base; path = Base.lproj/LaunchScreen.storyboard; sourceTree = "<group>"; };
		D20826781F39E6A20059F48C /* Info.plist */ = {isa = PBXFileReference; lastKnownFileType = text.plist.xml; path = Info.plist; sourceTree = "<group>"; };
		D208267E1F39E6BE0059F48C /* Interoperability-Bridging-Header.h */ = {isa = PBXFileReference; lastKnownFileType = sourcecode.c.h; path = "Interoperability-Bridging-Header.h"; sourceTree = "<group>"; };
		D208267F1F39E6BE0059F48C /* Model.swift */ = {isa = PBXFileReference; fileEncoding = 4; lastKnownFileType = sourcecode.swift; path = Model.swift; sourceTree = "<group>"; };
		D281E0BD1F39F4D50020B4DA /* SwiftViewController.swift */ = {isa = PBXFileReference; fileEncoding = 4; lastKnownFileType = sourcecode.swift; path = SwiftViewController.swift; sourceTree = "<group>"; };
		D281E0BF1F39F8A80020B4DA /* README.md */ = {isa = PBXFileReference; lastKnownFileType = net.daringfireball.markdown; path = README.md; sourceTree = "<group>"; };
/* End PBXFileReference section */

/* Begin PBXFrameworksBuildPhase section */
		D20826611F39E6A20059F48C /* Frameworks */ = {
			isa = PBXFrameworksBuildPhase;
			buildActionMask = 2147483647;
			files = (
			);
			runOnlyForDeploymentPostprocessing = 0;
		};
/* End PBXFrameworksBuildPhase section */

/* Begin PBXGroup section */
		D208265B1F39E6A20059F48C = {
			isa = PBXGroup;
			children = (
				D281E0BF1F39F8A80020B4DA /* README.md */,
				D20826661F39E6A20059F48C /* Interoperability */,
				D20826651F39E6A20059F48C /* Products */,
			);
			sourceTree = "<group>";
		};
		D20826651F39E6A20059F48C /* Products */ = {
			isa = PBXGroup;
			children = (
				D20826641F39E6A20059F48C /* Interoperability.app */,
			);
			name = Products;
			sourceTree = "<group>";
		};
		D20826661F39E6A20059F48C /* Interoperability */ = {
			isa = PBXGroup;
			children = (
				D208266A1F39E6A20059F48C /* AppDelegate.h */,
				D208266B1F39E6A20059F48C /* AppDelegate.m */,
				D20826731F39E6A20059F48C /* Assets.xcassets */,
				D20826781F39E6A20059F48C /* Info.plist */,
				D208267E1F39E6BE0059F48C /* Interoperability-Bridging-Header.h */,
				D20826751F39E6A20059F48C /* LaunchScreen.storyboard */,
				D20826701F39E6A20059F48C /* Main.storyboard */,
				D208267F1F39E6BE0059F48C /* Model.swift */,
				D20826671F39E6A20059F48C /* Supporting Files */,
				D281E0BD1F39F4D50020B4DA /* SwiftViewController.swift */,
				D208266D1F39E6A20059F48C /* ViewController.h */,
				D208266E1F39E6A20059F48C /* ViewController.m */,
			);
			path = Interoperability;
			sourceTree = "<group>";
		};
		D20826671F39E6A20059F48C /* Supporting Files */ = {
			isa = PBXGroup;
			children = (
				D20826681F39E6A20059F48C /* main.m */,
			);
			name = "Supporting Files";
			sourceTree = "<group>";
		};
/* End PBXGroup section */

/* Begin PBXNativeTarget section */
		D20826631F39E6A20059F48C /* Interoperability */ = {
			isa = PBXNativeTarget;
			buildConfigurationList = D208267B1F39E6A20059F48C /* Build configuration list for PBXNativeTarget "Interoperability" */;
			buildPhases = (
				D20826601F39E6A20059F48C /* Sources */,
				D20826611F39E6A20059F48C /* Frameworks */,
				D20826621F39E6A20059F48C /* Resources */,
			);
			buildRules = (
			);
			dependencies = (
			);
			name = Interoperability;
			productName = Interoperability;
			productReference = D20826641F39E6A20059F48C /* Interoperability.app */;
			productType = "com.apple.product-type.application";
		};
/* End PBXNativeTarget section */

/* Begin PBXProject section */
		D208265C1F39E6A20059F48C /* Project object */ = {
			isa = PBXProject;
			attributes = {
				LastUpgradeCheck = 0830;
				ORGANIZATIONNAME = OliCorp;
				TargetAttributes = {
					D20826631F39E6A20059F48C = {
						CreatedOnToolsVersion = 8.3.2;
						LastSwiftMigration = 0830;
						ProvisioningStyle = Automatic;
					};
				};
			};
			buildConfigurationList = D208265F1F39E6A20059F48C /* Build configuration list for PBXProject "Interoperability" */;
			compatibilityVersion = "Xcode 3.2";
			developmentRegion = English;
			hasScannedForEncodings = 0;
			knownRegions = (
				en,
				Base,
			);
			mainGroup = D208265B1F39E6A20059F48C;
			productRefGroup = D20826651F39E6A20059F48C /* Products */;
			projectDirPath = "";
			projectRoot = "";
			targets = (
				D20826631F39E6A20059F48C /* Interoperability */,
			);
		};
/* End PBXProject section */

/* Begin PBXResourcesBuildPhase section */
		D20826621F39E6A20059F48C /* Resources */ = {
			isa = PBXResourcesBuildPhase;
			buildActionMask = 2147483647;
			files = (
				D20826771F39E6A20059F48C /* LaunchScreen.storyboard in Resources */,
				D20826741F39E6A20059F48C /* Assets.xcassets in Resources */,
				D20826721F39E6A20059F48C /* Main.storyboard in Resources */,
			);
			runOnlyForDeploymentPostprocessing = 0;
		};
/* End PBXResourcesBuildPhase section */

/* Begin PBXSourcesBuildPhase section */
		D20826601F39E6A20059F48C /* Sources */ = {
			isa = PBXSourcesBuildPhase;
			buildActionMask = 2147483647;
			files = (
				D208266F1F39E6A20059F48C /* ViewController.m in Sources */,
				D208266C1F39E6A20059F48C /* AppDelegate.m in Sources */,
				D20826691F39E6A20059F48C /* main.m in Sources */,
				D281E0BE1F39F4D50020B4DA /* SwiftViewController.swift in Sources */,
				D20826801F39E6BE0059F48C /* Model.swift in Sources */,
			);
			runOnlyForDeploymentPostprocessing = 0;
		};
/* End PBXSourcesBuildPhase section */

/* Begin PBXVariantGroup section */
		D20826701F39E6A20059F48C /* Main.storyboard */ = {
			isa = PBXVariantGroup;
			children = (
				D20826711F39E6A20059F48C /* Base */,
			);
			name = Main.storyboard;
			sourceTree = "<group>";
		};
		D20826751F39E6A20059F48C /* LaunchScreen.storyboard */ = {
			isa = PBXVariantGroup;
			children = (
				D20826761F39E6A20059F48C /* Base */,
			);
			name = LaunchScreen.storyboard;
			sourceTree = "<group>";
		};
/* End PBXVariantGroup section */

/* Begin XCBuildConfiguration section */
		D20826791F39E6A20059F48C /* Debug */ = {
			isa = XCBuildConfiguration;
			buildSettings = {
				ALWAYS_SEARCH_USER_PATHS = NO;
				CLANG_ANALYZER_NONNULL = YES;
				CLANG_ANALYZER_NUMBER_OBJECT_CONVERSION = YES_AGGRESSIVE;
				CLANG_CXX_LANGUAGE_STANDARD = "gnu++0x";
				CLANG_CXX_LIBRARY = "libc++";
				CLANG_ENABLE_MODULES = YES;
				CLANG_ENABLE_OBJC_ARC = YES;
				CLANG_WARN_BOOL_CONVERSION = YES;
				CLANG_WARN_CONSTANT_CONVERSION = YES;
				CLANG_WARN_DIRECT_OBJC_ISA_USAGE = YES_ERROR;
				CLANG_WARN_DOCUMENTATION_COMMENTS = YES;
				CLANG_WARN_EMPTY_BODY = YES;
				CLANG_WARN_ENUM_CONVERSION = YES;
				CLANG_WARN_INFINITE_RECURSION = YES;
				CLANG_WARN_INT_CONVERSION = YES;
				CLANG_WARN_OBJC_ROOT_CLASS = YES_ERROR;
				CLANG_WARN_SUSPICIOUS_MOVE = YES;
				CLANG_WARN_UNREACHABLE_CODE = YES;
				CLANG_WARN__DUPLICATE_METHOD_MATCH = YES;
				"CODE_SIGN_IDENTITY[sdk=iphoneos*]" = "iPhone Developer";
				COPY_PHASE_STRIP = NO;
				DEBUG_INFORMATION_FORMAT = dwarf;
				ENABLE_STRICT_OBJC_MSGSEND = YES;
				ENABLE_TESTABILITY = YES;
				GCC_C_LANGUAGE_STANDARD = gnu99;
				GCC_DYNAMIC_NO_PIC = NO;
				GCC_NO_COMMON_BLOCKS = YES;
				GCC_OPTIMIZATION_LEVEL = 0;
				GCC_PREPROCESSOR_DEFINITIONS = (
					"DEBUG=1",
					"$(inherited)",
				);
				GCC_WARN_64_TO_32_BIT_CONVERSION = YES;
				GCC_WARN_ABOUT_RETURN_TYPE = YES_ERROR;
				GCC_WARN_UNDECLARED_SELECTOR = YES;
				GCC_WARN_UNINITIALIZED_AUTOS = YES_AGGRESSIVE;
				GCC_WARN_UNUSED_FUNCTION = YES;
				GCC_WARN_UNUSED_VARIABLE = YES;
				IPHONEOS_DEPLOYMENT_TARGET = 10.3;
				MTL_ENABLE_DEBUG_INFO = YES;
				ONLY_ACTIVE_ARCH = YES;
				SDKROOT = iphoneos;
				TARGETED_DEVICE_FAMILY = "1,2";
			};
			name = Debug;
		};
		D208267A1F39E6A20059F48C /* Release */ = {
			isa = XCBuildConfiguration;
			buildSettings = {
				ALWAYS_SEARCH_USER_PATHS = NO;
				CLANG_ANALYZER_NONNULL = YES;
				CLANG_ANALYZER_NUMBER_OBJECT_CONVERSION = YES_AGGRESSIVE;
				CLANG_CXX_LANGUAGE_STANDARD = "gnu++0x";
				CLANG_CXX_LIBRARY = "libc++";
				CLANG_ENABLE_MODULES = YES;
				CLANG_ENABLE_OBJC_ARC = YES;
				CLANG_WARN_BOOL_CONVERSION = YES;
				CLANG_WARN_CONSTANT_CONVERSION = YES;
				CLANG_WARN_DIRECT_OBJC_ISA_USAGE = YES_ERROR;
				CLANG_WARN_DOCUMENTATION_COMMENTS = YES;
				CLANG_WARN_EMPTY_BODY = YES;
				CLANG_WARN_ENUM_CONVERSION = YES;
				CLANG_WARN_INFINITE_RECURSION = YES;
				CLANG_WARN_INT_CONVERSION = YES;
				CLANG_WARN_OBJC_ROOT_CLASS = YES_ERROR;
				CLANG_WARN_SUSPICIOUS_MOVE = YES;
				CLANG_WARN_UNREACHABLE_CODE = YES;
				CLANG_WARN__DUPLICATE_METHOD_MATCH = YES;
				"CODE_SIGN_IDENTITY[sdk=iphoneos*]" = "iPhone Developer";
				COPY_PHASE_STRIP = NO;
				DEBUG_INFORMATION_FORMAT = "dwarf-with-dsym";
				ENABLE_NS_ASSERTIONS = NO;
				ENABLE_STRICT_OBJC_MSGSEND = YES;
				GCC_C_LANGUAGE_STANDARD = gnu99;
				GCC_NO_COMMON_BLOCKS = YES;
				GCC_WARN_64_TO_32_BIT_CONVERSION = YES;
				GCC_WARN_ABOUT_RETURN_TYPE = YES_ERROR;
				GCC_WARN_UNDECLARED_SELECTOR = YES;
				GCC_WARN_UNINITIALIZED_AUTOS = YES_AGGRESSIVE;
				GCC_WARN_UNUSED_FUNCTION = YES;
				GCC_WARN_UNUSED_VARIABLE = YES;
				IPHONEOS_DEPLOYMENT_TARGET = 10.3;
				MTL_ENABLE_DEBUG_INFO = NO;
				SDKROOT = iphoneos;
				TARGETED_DEVICE_FAMILY = "1,2";
				VALIDATE_PRODUCT = YES;
			};
			name = Release;
		};
		D208267C1F39E6A20059F48C /* Debug */ = {
			isa = XCBuildConfiguration;
			buildSettings = {
				ASSETCATALOG_COMPILER_APPICON_NAME = AppIcon;
				CLANG_ENABLE_MODULES = YES;
				INFOPLIST_FILE = Interoperability/Info.plist;
				IPHONEOS_DEPLOYMENT_TARGET = 9.0;
				LD_RUNPATH_SEARCH_PATHS = "$(inherited) @executable_path/Frameworks";
				PRODUCT_BUNDLE_IDENTIFIER = com.oli.Interoperability;
				PRODUCT_NAME = "$(TARGET_NAME)";
				SWIFT_OBJC_BRIDGING_HEADER = "Interoperability/Interoperability-Bridging-Header.h";
				SWIFT_OPTIMIZATION_LEVEL = "-Onone";
				SWIFT_VERSION = 3.0;
			};
			name = Debug;
		};
		D208267D1F39E6A20059F48C /* Release */ = {
			isa = XCBuildConfiguration;
			buildSettings = {
				ASSETCATALOG_COMPILER_APPICON_NAME = AppIcon;
				CLANG_ENABLE_MODULES = YES;
				INFOPLIST_FILE = Interoperability/Info.plist;
				IPHONEOS_DEPLOYMENT_TARGET = 9.0;
				LD_RUNPATH_SEARCH_PATHS = "$(inherited) @executable_path/Frameworks";
				PRODUCT_BUNDLE_IDENTIFIER = com.oli.Interoperability;
				PRODUCT_NAME = "$(TARGET_NAME)";
				SWIFT_OBJC_BRIDGING_HEADER = "Interoperability/Interoperability-Bridging-Header.h";
				SWIFT_VERSION = 3.0;
			};
			name = Release;
		};
/* End XCBuildConfiguration section */

/* Begin XCConfigurationList section */
		D208265F1F39E6A20059F48C /* Build configuration list for PBXProject "Interoperability" */ = {
			isa = XCConfigurationList;
			buildConfigurations = (
				D20826791F39E6A20059F48C /* Debug */,
				D208267A1F39E6A20059F48C /* Release */,
			);
			defaultConfigurationIsVisible = 0;
			defaultConfigurationName = Release;
		};
		D208267B1F39E6A20059F48C /* Build configuration list for PBXNativeTarget "Interoperability" */ = {
			isa = XCConfigurationList;
			buildConfigurations = (
				D208267C1F39E6A20059F48C /* Debug */,
				D208267D1F39E6A20059F48C /* Release */,
			);
			defaultConfigurationIsVisible = 0;
			defaultConfigurationName = Release;
		};
/* End XCConfigurationList section */
	};
	rootObject = D208265C1F39E6A20059F48C /* Project object */;
}
